
Microsoft Visual Studio Solution File, Format Version 12.00
# Visual Studio 15
VisualStudioVersion = 15.0.27130.2026
MinimumVisualStudioVersion = 10.0.40219.1
Project("{FAE04EC0-301F-11D3-BF4B-00C04F79EFBC}") = "FlooringMastery", "FlooringMastery\FlooringMastery.csproj", "{4B2584BE-AB22-43FB-A52E-84212CA00E49}"
EndProject
Project("{FAE04EC0-301F-11D3-BF4B-00C04F79EFBC}") = "FlooringMastery.Data", "FlooringMastery.Data\FlooringMastery.Data.csproj", "{8DF215C2-530B-4B66-BAFC-26FEEB280820}"
EndProject
Project("{FAE04EC0-301F-11D3-BF4B-00C04F79EFBC}") = "FlooringMastery.BLL", "FlooringMastery.BLL\FlooringMastery.BLL.csproj", "{442BCA7A-4F4F-447F-A34E-9D176A8E082C}"
EndProject
Project("{FAE04EC0-301F-11D3-BF4B-00C04F79EFBC}") = "FlooringMastery.Models", "FlooringMastery.Models\FlooringMastery.Models.csproj", "{D27B0EBD-6757-491F-8E09-815ECBF9BE14}"
EndProject
Project("{FAE04EC0-301F-11D3-BF4B-00C04F79EFBC}") = "FlooringMastery.Tests", "FlooringMastery.Tests\FlooringMastery.Tests.csproj", "{92E6E12A-5E39-401B-B1AB-13CB993EC674}"
EndProject
Global
	GlobalSection(SolutionConfigurationPlatforms) = preSolution
		Debug|Any CPU = Debug|Any CPU
		Release|Any CPU = Release|Any CPU
	EndGlobalSection
	GlobalSection(ProjectConfigurationPlatforms) = postSolution
		{4B2584BE-AB22-43FB-A52E-84212CA00E49}.Debug|Any CPU.ActiveCfg = Debug|Any CPU
		{4B2584BE-AB22-43FB-A52E-84212CA00E49}.Debug|Any CPU.Build.0 = Debug|Any CPU
		{4B2584BE-AB22-43FB-A52E-84212CA00E49}.Release|Any CPU.ActiveCfg = Release|Any CPU
		{4B2584BE-AB22-43FB-A52E-84212CA00E49}.Release|Any CPU.Build.0 = Release|Any CPU
		{8DF215C2-530B-4B66-BAFC-26FEEB280820}.Debug|Any CPU.ActiveCfg = Debug|Any CPU
		{8DF215C2-530B-4B66-BAFC-26FEEB280820}.Debug|Any CPU.Build.0 = Debug|Any CPU
		{8DF215C2-530B-4B66-BAFC-26FEEB280820}.Release|Any CPU.ActiveCfg = Release|Any CPU
		{8DF215C2-530B-4B66-BAFC-26FEEB280820}.Release|Any CPU.Build.0 = Release|Any CPU
		{442BCA7A-4F4F-447F-A34E-9D176A8E082C}.Debug|Any CPU.ActiveCfg = Debug|Any CPU
		{442BCA7A-4F4F-447F-A34E-9D176A8E082C}.Debug|Any CPU.Build.0 = Debug|Any CPU
		{442BCA7A-4F4F-447F-A34E-9D176A8E082C}.Release|Any CPU.ActiveCfg = Release|Any CPU
		{442BCA7A-4F4F-447F-A34E-9D176A8E082C}.Release|Any CPU.Build.0 = Release|Any CPU
		{D27B0EBD-6757-491F-8E09-815ECBF9BE14}.Debug|Any CPU.ActiveCfg = Debug|Any CPU
		{D27B0EBD-6757-491F-8E09-815ECBF9BE14}.Debug|Any CPU.Build.0 = Debug|Any CPU
		{D27B0EBD-6757-491F-8E09-815ECBF9BE14}.Release|Any CPU.ActiveCfg = Release|Any CPU
		{D27B0EBD-6757-491F-8E09-815ECBF9BE14}.Release|Any CPU.Build.0 = Release|Any CPU
		{92E6E12A-5E39-401B-B1AB-13CB993EC674}.Debug|Any CPU.ActiveCfg = Debug|Any CPU
		{92E6E12A-5E39-401B-B1AB-13CB993EC674}.Debug|Any CPU.Build.0 = Debug|Any CPU
		{92E6E12A-5E39-401B-B1AB-13CB993EC674}.Release|Any CPU.ActiveCfg = Release|Any CPU
		{92E6E12A-5E39-401B-B1AB-13CB993EC674}.Release|Any CPU.Build.0 = Release|Any CPU
	EndGlobalSection
	GlobalSection(SolutionProperties) = preSolution
		HideSolutionNode = FALSE
	EndGlobalSection
	GlobalSection(ExtensibilityGlobals) = postSolution
		SolutionGuid = {8E948A30-D028-43B2-BE20-B7F22181CEC6}
	EndGlobalSection
EndGlobal
